
Microsoft Visual Studio Solution File, Format Version 12.00
# Visual Studio Version 16
VisualStudioVersion = 16.0.30320.27
MinimumVisualStudioVersion = 10.0.40219.1
Project("{2150E333-8FDC-42A3-9474-1A3956D46DE8}") = "Solution Items", "Solution Items", "{C16533DA-D697-4908-BCDD-AF37E878297D}"
	ProjectSection(SolutionItems) = preProject
		readme.md = readme.md
	EndProjectSection
EndProject
Project("{2150E333-8FDC-42A3-9474-1A3956D46DE8}") = ".nuget", ".nuget", "{383B7D45-83E9-40B2-A8D4-38CD09290807}"
	ProjectSection(SolutionItems) = preProject
		.nuget\NuGet.Config = .nuget\NuGet.Config
		.nuget\NuGet.exe = .nuget\NuGet.exe
		.nuget\NuGet.targets = .nuget\NuGet.targets
	EndProjectSection
EndProject
Project("{2150E333-8FDC-42A3-9474-1A3956D46DE8}") = "src", "src", "{F07D32FC-1233-493F-9F8D-20637D22F251}"
EndProject
Project("{2150E333-8FDC-42A3-9474-1A3956D46DE8}") = "test", "test", "{0FE1B340-2867-4B45-93EC-E0765CE12BE1}"
EndProject
Project("{9A19103F-16F7-4668-BE54-9A1E7A4F7556}") = "Moonpig.PostOffice.Api", "src\Moonpig.PostOffice.Api\Moonpig.PostOffice.Api.csproj", "{F8220BEB-3549-48B3-A9C8-A83A57EE5859}"
EndProject
Project("{9A19103F-16F7-4668-BE54-9A1E7A4F7556}") = "Moonpig.PostOffice.Data", "src\Moonpig.PostOffice.Data\Moonpig.PostOffice.Data.csproj", "{BC6C9F71-8E43-4791-83F1-9D3BE45F79BF}"
EndProject
Project("{9A19103F-16F7-4668-BE54-9A1E7A4F7556}") = "Moonpig.PostOffice.Unit.Tests", "test\Moonpig.PostOffice.Unit.Tests\Moonpig.PostOffice.Unit.Tests.csproj", "{4B507B0C-BEBF-489C-8346-501B78C3F832}"
EndProject
Project("{9A19103F-16F7-4668-BE54-9A1E7A4F7556}") = "Moonpig.PostOffice.Behaviour.Tests", "test\Moonpig.PostOffice.Behaviour.Tests\Moonpig.PostOffice.Behaviour.Tests.csproj", "{D3A89356-A158-40F6-8C46-3596EDF7D5B1}"
EndProject
Global
	GlobalSection(SolutionConfigurationPlatforms) = preSolution
		Debug|Any CPU = Debug|Any CPU
		Release|Any CPU = Release|Any CPU
	EndGlobalSection
	GlobalSection(ProjectConfigurationPlatforms) = postSolution
		{F8220BEB-3549-48B3-A9C8-A83A57EE5859}.Debug|Any CPU.ActiveCfg = Debug|Any CPU
		{F8220BEB-3549-48B3-A9C8-A83A57EE5859}.Debug|Any CPU.Build.0 = Debug|Any CPU
		{F8220BEB-3549-48B3-A9C8-A83A57EE5859}.Release|Any CPU.ActiveCfg = Release|Any CPU
		{F8220BEB-3549-48B3-A9C8-A83A57EE5859}.Release|Any CPU.Build.0 = Release|Any CPU
		{BC6C9F71-8E43-4791-83F1-9D3BE45F79BF}.Debug|Any CPU.ActiveCfg = Debug|Any CPU
		{BC6C9F71-8E43-4791-83F1-9D3BE45F79BF}.Debug|Any CPU.Build.0 = Debug|Any CPU
		{BC6C9F71-8E43-4791-83F1-9D3BE45F79BF}.Release|Any CPU.ActiveCfg = Release|Any CPU
		{BC6C9F71-8E43-4791-83F1-9D3BE45F79BF}.Release|Any CPU.Build.0 = Release|Any CPU
		{4B507B0C-BEBF-489C-8346-501B78C3F832}.Debug|Any CPU.ActiveCfg = Debug|Any CPU
		{4B507B0C-BEBF-489C-8346-501B78C3F832}.Debug|Any CPU.Build.0 = Debug|Any CPU
		{4B507B0C-BEBF-489C-8346-501B78C3F832}.Release|Any CPU.ActiveCfg = Release|Any CPU
		{4B507B0C-BEBF-489C-8346-501B78C3F832}.Release|Any CPU.Build.0 = Release|Any CPU
		{D3A89356-A158-40F6-8C46-3596EDF7D5B1}.Debug|Any CPU.ActiveCfg = Debug|Any CPU
		{D3A89356-A158-40F6-8C46-3596EDF7D5B1}.Debug|Any CPU.Build.0 = Debug|Any CPU
		{D3A89356-A158-40F6-8C46-3596EDF7D5B1}.Release|Any CPU.ActiveCfg = Release|Any CPU
		{D3A89356-A158-40F6-8C46-3596EDF7D5B1}.Release|Any CPU.Build.0 = Release|Any CPU
	EndGlobalSection
	GlobalSection(SolutionProperties) = preSolution
		HideSolutionNode = FALSE
	EndGlobalSection
	GlobalSection(NestedProjects) = preSolution
		{F8220BEB-3549-48B3-A9C8-A83A57EE5859} = {F07D32FC-1233-493F-9F8D-20637D22F251}
		{BC6C9F71-8E43-4791-83F1-9D3BE45F79BF} = {F07D32FC-1233-493F-9F8D-20637D22F251}
		{4B507B0C-BEBF-489C-8346-501B78C3F832} = {0FE1B340-2867-4B45-93EC-E0765CE12BE1}
		{D3A89356-A158-40F6-8C46-3596EDF7D5B1} = {0FE1B340-2867-4B45-93EC-E0765CE12BE1}
	EndGlobalSection
	GlobalSection(ExtensibilityGlobals) = postSolution
		SolutionGuid = {D5598D67-5212-423F-A662-4955B7DA5501}
	EndGlobalSection
EndGlobal
